
Microsoft Visual Studio Solution File, Format Version 12.00
# Visual Studio Version 16
VisualStudioVersion = 16.0.29806.167
MinimumVisualStudioVersion = 10.0.40219.1
Project("{FAE04EC0-301F-11D3-BF4B-00C04F79EFBC}") = "Web.Template.Data", "..\web.template.data\Web.Template.Data.csproj", "{55277594-3BBE-42AF-AE1A-0AAEC84D5F68}"
EndProject
Project("{FAE04EC0-301F-11D3-BF4B-00C04F79EFBC}") = "Web.Template.Domain", "..\web.template.domain\web.template.domain\Web.Template.Domain.csproj", "{A66B66CD-3B46-4DF5-B410-644A9F375858}"
EndProject
Project("{FAE04EC0-301F-11D3-BF4B-00C04F79EFBC}") = "Web.TradeMMB", "Web.TradeMMB\Web.TradeMMB.csproj", "{67D9BF10-A675-4055-A45A-BBC3D300884D}"
EndProject
Project("{FAE04EC0-301F-11D3-BF4B-00C04F79EFBC}") = "Web.Template.Application", "..\web.template.application\web.template.application\Web.Template.Application.csproj", "{612505A3-B3D9-41D3-B195-40B3B3E28235}"
EndProject
Project("{2150E333-8FDC-42A3-9474-1A3956D46DE8}") = "Dependencies", "Dependencies", "{8A75AEA5-39AB-4514-8327-C2B316FAC264}"
EndProject
Project("{778DAE3C-4631-46EA-AA77-85C1314464D9}") = "Intuitive", "..\Dependencies\intuitive\Intuitive\Intuitive.vbproj", "{82611DB2-7181-4DEA-8D13-D46AF4AB8B00}"
EndProject
Project("{9A19103F-16F7-4668-BE54-9A1E7A4F7556}") = "DealFinder.SDK", "..\Dependencies\dealfinder-sunway\libs\DealFinder.SDK\DealFinder.SDK.csproj", "{D4F3AD9D-2006-4EB5-9EC9-1B03BBB5EF17}"
EndProject
Project("{9A19103F-16F7-4668-BE54-9A1E7A4F7556}") = "DealFinder.Abstractions", "..\Dependencies\dealfinder-sunway\libs\DealFinder.Abstractions\DealFinder.Abstractions.csproj", "{38DCAEA0-1EF0-4C6E-A978-C1C289E1FD9D}"
EndProject
Project("{FAE04EC0-301F-11D3-BF4B-00C04F79EFBC}") = "SiteBuilder.Domain", "..\Dependencies\sitebuilder\SiteBuilder\SiteBuilder.Domain\SiteBuilder.Domain.csproj", "{9F0D5520-91AE-4B28-9F1B-9C55EDF8B947}"
EndProject
Project("{9A19103F-16F7-4668-BE54-9A1E7A4F7556}") = "Intuitive.Domain", "..\Dependencies\intuitive.domain\Src\Intuitive.Domain\Intuitive.Domain.csproj", "{9DB04CC1-C058-4379-90D4-2DDDDD36DF9F}"
EndProject
Project("{F184B08F-C81C-45F6-A57F-5ABD9991F28F}") = "iVectorConnectInterface", "..\Dependencies\iVectorConnectInterface\iVectorConnectInterface.vbproj", "{783382A3-1B3E-4958-81BF-1337F446B2AE}"
EndProject
Global
	GlobalSection(SolutionConfigurationPlatforms) = preSolution
		Debug|Any CPU = Debug|Any CPU
		Release|Any CPU = Release|Any CPU
		Test|Any CPU = Test|Any CPU
	EndGlobalSection
	GlobalSection(ProjectConfigurationPlatforms) = postSolution
		{55277594-3BBE-42AF-AE1A-0AAEC84D5F68}.Debug|Any CPU.ActiveCfg = Debug|Any CPU
		{55277594-3BBE-42AF-AE1A-0AAEC84D5F68}.Debug|Any CPU.Build.0 = Debug|Any CPU
		{55277594-3BBE-42AF-AE1A-0AAEC84D5F68}.Release|Any CPU.ActiveCfg = Release|Any CPU
		{55277594-3BBE-42AF-AE1A-0AAEC84D5F68}.Release|Any CPU.Build.0 = Release|Any CPU
		{55277594-3BBE-42AF-AE1A-0AAEC84D5F68}.Test|Any CPU.ActiveCfg = Release|Any CPU
		{55277594-3BBE-42AF-AE1A-0AAEC84D5F68}.Test|Any CPU.Build.0 = Release|Any CPU
		{A66B66CD-3B46-4DF5-B410-644A9F375858}.Debug|Any CPU.ActiveCfg = Debug|Any CPU
		{A66B66CD-3B46-4DF5-B410-644A9F375858}.Debug|Any CPU.Build.0 = Debug|Any CPU
		{A66B66CD-3B46-4DF5-B410-644A9F375858}.Release|Any CPU.ActiveCfg = Release|Any CPU
		{A66B66CD-3B46-4DF5-B410-644A9F375858}.Release|Any CPU.Build.0 = Release|Any CPU
		{A66B66CD-3B46-4DF5-B410-644A9F375858}.Test|Any CPU.ActiveCfg = Release|Any CPU
		{A66B66CD-3B46-4DF5-B410-644A9F375858}.Test|Any CPU.Build.0 = Release|Any CPU
		{67D9BF10-A675-4055-A45A-BBC3D300884D}.Debug|Any CPU.ActiveCfg = Debug|Any CPU
		{67D9BF10-A675-4055-A45A-BBC3D300884D}.Debug|Any CPU.Build.0 = Debug|Any CPU
		{67D9BF10-A675-4055-A45A-BBC3D300884D}.Release|Any CPU.ActiveCfg = Release|Any CPU
		{67D9BF10-A675-4055-A45A-BBC3D300884D}.Release|Any CPU.Build.0 = Release|Any CPU
		{67D9BF10-A675-4055-A45A-BBC3D300884D}.Test|Any CPU.ActiveCfg = Release|Any CPU
		{67D9BF10-A675-4055-A45A-BBC3D300884D}.Test|Any CPU.Build.0 = Release|Any CPU
		{612505A3-B3D9-41D3-B195-40B3B3E28235}.Debug|Any CPU.ActiveCfg = Debug|Any CPU
		{612505A3-B3D9-41D3-B195-40B3B3E28235}.Debug|Any CPU.Build.0 = Debug|Any CPU
		{612505A3-B3D9-41D3-B195-40B3B3E28235}.Release|Any CPU.ActiveCfg = Release|Any CPU
		{612505A3-B3D9-41D3-B195-40B3B3E28235}.Release|Any CPU.Build.0 = Release|Any CPU
		{612505A3-B3D9-41D3-B195-40B3B3E28235}.Test|Any CPU.ActiveCfg = Release|Any CPU
		{612505A3-B3D9-41D3-B195-40B3B3E28235}.Test|Any CPU.Build.0 = Release|Any CPU
		{82611DB2-7181-4DEA-8D13-D46AF4AB8B00}.Debug|Any CPU.ActiveCfg = Debug|Any CPU
		{82611DB2-7181-4DEA-8D13-D46AF4AB8B00}.Debug|Any CPU.Build.0 = Debug|Any CPU
		{82611DB2-7181-4DEA-8D13-D46AF4AB8B00}.Release|Any CPU.ActiveCfg = Release|Any CPU
		{82611DB2-7181-4DEA-8D13-D46AF4AB8B00}.Release|Any CPU.Build.0 = Release|Any CPU
		{82611DB2-7181-4DEA-8D13-D46AF4AB8B00}.Test|Any CPU.ActiveCfg = Debug|Any CPU
		{82611DB2-7181-4DEA-8D13-D46AF4AB8B00}.Test|Any CPU.Build.0 = Debug|Any CPU
		{D4F3AD9D-2006-4EB5-9EC9-1B03BBB5EF17}.Debug|Any CPU.ActiveCfg = Debug|Any CPU
		{D4F3AD9D-2006-4EB5-9EC9-1B03BBB5EF17}.Debug|Any CPU.Build.0 = Debug|Any CPU
		{D4F3AD9D-2006-4EB5-9EC9-1B03BBB5EF17}.Release|Any CPU.ActiveCfg = Release|Any CPU
		{D4F3AD9D-2006-4EB5-9EC9-1B03BBB5EF17}.Release|Any CPU.Build.0 = Release|Any CPU
		{D4F3AD9D-2006-4EB5-9EC9-1B03BBB5EF17}.Test|Any CPU.ActiveCfg = Debug|Any CPU
		{D4F3AD9D-2006-4EB5-9EC9-1B03BBB5EF17}.Test|Any CPU.Build.0 = Debug|Any CPU
		{38DCAEA0-1EF0-4C6E-A978-C1C289E1FD9D}.Debug|Any CPU.ActiveCfg = Debug|Any CPU
		{38DCAEA0-1EF0-4C6E-A978-C1C289E1FD9D}.Debug|Any CPU.Build.0 = Debug|Any CPU
		{38DCAEA0-1EF0-4C6E-A978-C1C289E1FD9D}.Release|Any CPU.ActiveCfg = Release|Any CPU
		{38DCAEA0-1EF0-4C6E-A978-C1C289E1FD9D}.Release|Any CPU.Build.0 = Release|Any CPU
		{38DCAEA0-1EF0-4C6E-A978-C1C289E1FD9D}.Test|Any CPU.ActiveCfg = Debug|Any CPU
		{38DCAEA0-1EF0-4C6E-A978-C1C289E1FD9D}.Test|Any CPU.Build.0 = Debug|Any CPU
		{9F0D5520-91AE-4B28-9F1B-9C55EDF8B947}.Debug|Any CPU.ActiveCfg = Debug|Any CPU
		{9F0D5520-91AE-4B28-9F1B-9C55EDF8B947}.Debug|Any CPU.Build.0 = Debug|Any CPU
		{9F0D5520-91AE-4B28-9F1B-9C55EDF8B947}.Release|Any CPU.ActiveCfg = Release|Any CPU
		{9F0D5520-91AE-4B28-9F1B-9C55EDF8B947}.Release|Any CPU.Build.0 = Release|Any CPU
		{9F0D5520-91AE-4B28-9F1B-9C55EDF8B947}.Test|Any CPU.ActiveCfg = Test|Any CPU
		{9F0D5520-91AE-4B28-9F1B-9C55EDF8B947}.Test|Any CPU.Build.0 = Test|Any CPU
		{9DB04CC1-C058-4379-90D4-2DDDDD36DF9F}.Debug|Any CPU.ActiveCfg = Debug|Any CPU
		{9DB04CC1-C058-4379-90D4-2DDDDD36DF9F}.Debug|Any CPU.Build.0 = Debug|Any CPU
		{9DB04CC1-C058-4379-90D4-2DDDDD36DF9F}.Release|Any CPU.ActiveCfg = Release|Any CPU
		{9DB04CC1-C058-4379-90D4-2DDDDD36DF9F}.Release|Any CPU.Build.0 = Release|Any CPU
		{9DB04CC1-C058-4379-90D4-2DDDDD36DF9F}.Test|Any CPU.ActiveCfg = Debug|Any CPU
		{9DB04CC1-C058-4379-90D4-2DDDDD36DF9F}.Test|Any CPU.Build.0 = Debug|Any CPU
		{783382A3-1B3E-4958-81BF-1337F446B2AE}.Debug|Any CPU.ActiveCfg = Debug|Any CPU
		{783382A3-1B3E-4958-81BF-1337F446B2AE}.Debug|Any CPU.Build.0 = Debug|Any CPU
		{783382A3-1B3E-4958-81BF-1337F446B2AE}.Release|Any CPU.ActiveCfg = Release|Any CPU
		{783382A3-1B3E-4958-81BF-1337F446B2AE}.Release|Any CPU.Build.0 = Release|Any CPU
		{783382A3-1B3E-4958-81BF-1337F446B2AE}.Test|Any CPU.ActiveCfg = Release|Any CPU
		{783382A3-1B3E-4958-81BF-1337F446B2AE}.Test|Any CPU.Build.0 = Release|Any CPU
	EndGlobalSection
	GlobalSection(SolutionProperties) = preSolution
		HideSolutionNode = FALSE
	EndGlobalSection
	GlobalSection(NestedProjects) = preSolution
		{82611DB2-7181-4DEA-8D13-D46AF4AB8B00} = {8A75AEA5-39AB-4514-8327-C2B316FAC264}
		{D4F3AD9D-2006-4EB5-9EC9-1B03BBB5EF17} = {8A75AEA5-39AB-4514-8327-C2B316FAC264}
		{38DCAEA0-1EF0-4C6E-A978-C1C289E1FD9D} = {8A75AEA5-39AB-4514-8327-C2B316FAC264}
		{9F0D5520-91AE-4B28-9F1B-9C55EDF8B947} = {8A75AEA5-39AB-4514-8327-C2B316FAC264}
		{9DB04CC1-C058-4379-90D4-2DDDDD36DF9F} = {8A75AEA5-39AB-4514-8327-C2B316FAC264}
		{783382A3-1B3E-4958-81BF-1337F446B2AE} = {8A75AEA5-39AB-4514-8327-C2B316FAC264}
	EndGlobalSection
	GlobalSection(ExtensibilityGlobals) = postSolution
		SolutionGuid = {34BE5FBA-B467-4AA2-A91C-EFAC4E84744A}
	EndGlobalSection
EndGlobal
