
Microsoft Visual Studio Solution File, Format Version 12.00
# Visual Studio Version 16
VisualStudioVersion = 16.0.29418.71
MinimumVisualStudioVersion = 10.0.40219.1
Project("{778DAE3C-4631-46EA-AA77-85C1314464D9}") = "Intuitive", "Intuitive\Intuitive.vbproj", "{ED86A408-1454-4E8F-A68D-09B03200BA75}"
EndProject
Global
	GlobalSection(SolutionConfigurationPlatforms) = preSolution
		Debug|Any CPU = Debug|Any CPU
		Debug|x64 = Debug|x64
		Debug|x86 = Debug|x86
		Release|Any CPU = Release|Any CPU
		Release|x64 = Release|x64
		Release|x86 = Release|x86
	EndGlobalSection
	GlobalSection(ProjectConfigurationPlatforms) = postSolution
		{ED86A408-1454-4E8F-A68D-09B03200BA75}.Debug|Any CPU.ActiveCfg = Debug|Any CPU
		{ED86A408-1454-4E8F-A68D-09B03200BA75}.Debug|Any CPU.Build.0 = Debug|Any CPU
		{ED86A408-1454-4E8F-A68D-09B03200BA75}.Debug|x64.ActiveCfg = Debug|Any CPU
		{ED86A408-1454-4E8F-A68D-09B03200BA75}.Debug|x64.Build.0 = Debug|Any CPU
		{ED86A408-1454-4E8F-A68D-09B03200BA75}.Debug|x86.ActiveCfg = Debug|Any CPU
		{ED86A408-1454-4E8F-A68D-09B03200BA75}.Debug|x86.Build.0 = Debug|Any CPU
		{ED86A408-1454-4E8F-A68D-09B03200BA75}.Release|Any CPU.ActiveCfg = Release|Any CPU
		{ED86A408-1454-4E8F-A68D-09B03200BA75}.Release|Any CPU.Build.0 = Release|Any CPU
		{ED86A408-1454-4E8F-A68D-09B03200BA75}.Release|x64.ActiveCfg = Release|Any CPU
		{ED86A408-1454-4E8F-A68D-09B03200BA75}.Release|x64.Build.0 = Release|Any CPU
		{ED86A408-1454-4E8F-A68D-09B03200BA75}.Release|x86.ActiveCfg = Release|Any CPU
		{ED86A408-1454-4E8F-A68D-09B03200BA75}.Release|x86.Build.0 = Release|Any CPU
	EndGlobalSection
	GlobalSection(SolutionProperties) = preSolution
		HideSolutionNode = FALSE
	EndGlobalSection
	GlobalSection(ExtensibilityGlobals) = postSolution
		SolutionGuid = {BF3D4218-1CD2-4137-9ACE-B0A074D778A3}
	EndGlobalSection
EndGlobal
