
Microsoft Visual Studio Solution File, Format Version 12.00
# Visual Studio Version 16
VisualStudioVersion = 16.0.29806.167
MinimumVisualStudioVersion = 10.0.40219.1
Project("{FAE04EC0-301F-11D3-BF4B-00C04F79EFBC}") = "Web.Template", "Web.Template\Web.Template.csproj", "{4D239922-C3DF-43AC-893E-7261CA964421}"
	ProjectSection(ProjectDependencies) = postProject
		{55277594-3BBE-42AF-AE1A-0AAEC84D5F68} = {55277594-3BBE-42AF-AE1A-0AAEC84D5F68}
	EndProjectSection
EndProject
Project("{2150E333-8FDC-42A3-9474-1A3956D46DE8}") = ".nuget", ".nuget", "{215F87A0-E01A-48E6-8A51-B3EE16386AEA}"
	ProjectSection(SolutionItems) = preProject
		.nuget\NuGet.Config = .nuget\NuGet.Config
		.nuget\NuGet.exe = .nuget\NuGet.exe
		.nuget\NuGet.targets = .nuget\NuGet.targets
		.nuget\packages.config = .nuget\packages.config
	EndProjectSection
EndProject
Project("{FAE04EC0-301F-11D3-BF4B-00C04F79EFBC}") = "Web.Template.Application.Tests", "..\web.template.application\web.template.application.tests\Web.Template.Application.Tests.csproj", "{093D497D-3827-4068-BFBC-2A565E7F5E71}"
EndProject
Project("{FAE04EC0-301F-11D3-BF4B-00C04F79EFBC}") = "Web.Template.Domain", "..\web.template.domain\Web.Template.Domain\Web.Template.Domain.csproj", "{A66B66CD-3B46-4DF5-B410-644A9F375858}"
EndProject
Project("{FAE04EC0-301F-11D3-BF4B-00C04F79EFBC}") = "Web.Template.Application", "..\web.template.application\web.template.application\Web.Template.Application.csproj", "{612505A3-B3D9-41D3-B195-40B3B3E28235}"
EndProject
Project("{2150E333-8FDC-42A3-9474-1A3956D46DE8}") = "Solution Items", "Solution Items", "{B903E4B0-7C50-4C8A-B517-79A8C2A28E5C}"
EndProject
Project("{FAE04EC0-301F-11D3-BF4B-00C04F79EFBC}") = "Web.Template.Data", "..\web.template.data\Web.Template.Data.csproj", "{55277594-3BBE-42AF-AE1A-0AAEC84D5F68}"
EndProject
Project("{F184B08F-C81C-45F6-A57F-5ABD9991F28F}") = "iVectorConnectInterface", "..\Dependencies\iVectorConnectInterface\iVectorConnectInterface.vbproj", "{783382A3-1B3E-4958-81BF-1337F446B2AE}"
EndProject
Project("{778DAE3C-4631-46EA-AA77-85C1314464D9}") = "Intuitive", "..\Dependencies\intuitive\Intuitive\Intuitive.vbproj", "{DC4F78EE-7D60-4D0C-8F61-55911F64396C}"
EndProject
Project("{FAE04EC0-301F-11D3-BF4B-00C04F79EFBC}") = "SiteBuilder.Domain", "..\Dependencies\sitebuilder\SiteBuilder\SiteBuilder.Domain\SiteBuilder.Domain.csproj", "{9F0D5520-91AE-4B28-9F1B-9C55EDF8B947}"
EndProject
Project("{9A19103F-16F7-4668-BE54-9A1E7A4F7556}") = "Intuitive.Domain", "..\Dependencies\intuitive.domain\Src\Intuitive.Domain\Intuitive.Domain.csproj", "{112EFF87-81E2-483B-8561-AE24EFA504CF}"
EndProject
Project("{9A19103F-16F7-4668-BE54-9A1E7A4F7556}") = "DealFinder.SDK", "..\Dependencies\dealfinder-sunway\libs\DealFinder.SDK\DealFinder.SDK.csproj", "{6C9414F4-BC16-48E3-90BE-77E557CD4550}"
EndProject
Project("{9A19103F-16F7-4668-BE54-9A1E7A4F7556}") = "DealFinder.Abstractions", "..\Dependencies\dealfinder-sunway\libs\DealFinder.Abstractions\DealFinder.Abstractions.csproj", "{D6C34732-DD23-4513-A0CB-67540E222851}"
EndProject
Project("{2150E333-8FDC-42A3-9474-1A3956D46DE8}") = "Dependencies", "Dependencies", "{641240EA-E07A-4A09-A9AA-E4D04B73764E}"
EndProject
Global
	GlobalSection(SolutionConfigurationPlatforms) = preSolution
		Debug|Any CPU = Debug|Any CPU
		Debug|x64 = Debug|x64
		Debug|x86 = Debug|x86
		Release|Any CPU = Release|Any CPU
		Release|x64 = Release|x64
		Release|x86 = Release|x86
		Test|Any CPU = Test|Any CPU
		Test|x64 = Test|x64
		Test|x86 = Test|x86
	EndGlobalSection
	GlobalSection(ProjectConfigurationPlatforms) = postSolution
		{4D239922-C3DF-43AC-893E-7261CA964421}.Debug|Any CPU.ActiveCfg = Debug|Any CPU
		{4D239922-C3DF-43AC-893E-7261CA964421}.Debug|Any CPU.Build.0 = Debug|Any CPU
		{4D239922-C3DF-43AC-893E-7261CA964421}.Debug|x64.ActiveCfg = Debug|Any CPU
		{4D239922-C3DF-43AC-893E-7261CA964421}.Debug|x64.Build.0 = Debug|Any CPU
		{4D239922-C3DF-43AC-893E-7261CA964421}.Debug|x86.ActiveCfg = Debug|Any CPU
		{4D239922-C3DF-43AC-893E-7261CA964421}.Debug|x86.Build.0 = Debug|Any CPU
		{4D239922-C3DF-43AC-893E-7261CA964421}.Release|Any CPU.ActiveCfg = Release|Any CPU
		{4D239922-C3DF-43AC-893E-7261CA964421}.Release|Any CPU.Build.0 = Release|Any CPU
		{4D239922-C3DF-43AC-893E-7261CA964421}.Release|x64.ActiveCfg = Release|Any CPU
		{4D239922-C3DF-43AC-893E-7261CA964421}.Release|x64.Build.0 = Release|Any CPU
		{4D239922-C3DF-43AC-893E-7261CA964421}.Release|x86.ActiveCfg = Release|Any CPU
		{4D239922-C3DF-43AC-893E-7261CA964421}.Release|x86.Build.0 = Release|Any CPU
		{4D239922-C3DF-43AC-893E-7261CA964421}.Test|Any CPU.ActiveCfg = Release|Any CPU
		{4D239922-C3DF-43AC-893E-7261CA964421}.Test|Any CPU.Build.0 = Release|Any CPU
		{4D239922-C3DF-43AC-893E-7261CA964421}.Test|x64.ActiveCfg = Release|Any CPU
		{4D239922-C3DF-43AC-893E-7261CA964421}.Test|x64.Build.0 = Release|Any CPU
		{4D239922-C3DF-43AC-893E-7261CA964421}.Test|x86.ActiveCfg = Release|Any CPU
		{4D239922-C3DF-43AC-893E-7261CA964421}.Test|x86.Build.0 = Release|Any CPU
		{093D497D-3827-4068-BFBC-2A565E7F5E71}.Debug|Any CPU.ActiveCfg = Debug|Any CPU
		{093D497D-3827-4068-BFBC-2A565E7F5E71}.Debug|Any CPU.Build.0 = Debug|Any CPU
		{093D497D-3827-4068-BFBC-2A565E7F5E71}.Debug|x64.ActiveCfg = Debug|Any CPU
		{093D497D-3827-4068-BFBC-2A565E7F5E71}.Debug|x64.Build.0 = Debug|Any CPU
		{093D497D-3827-4068-BFBC-2A565E7F5E71}.Debug|x86.ActiveCfg = Debug|Any CPU
		{093D497D-3827-4068-BFBC-2A565E7F5E71}.Debug|x86.Build.0 = Debug|Any CPU
		{093D497D-3827-4068-BFBC-2A565E7F5E71}.Release|Any CPU.ActiveCfg = Release|Any CPU
		{093D497D-3827-4068-BFBC-2A565E7F5E71}.Release|Any CPU.Build.0 = Release|Any CPU
		{093D497D-3827-4068-BFBC-2A565E7F5E71}.Release|x64.ActiveCfg = Release|Any CPU
		{093D497D-3827-4068-BFBC-2A565E7F5E71}.Release|x64.Build.0 = Release|Any CPU
		{093D497D-3827-4068-BFBC-2A565E7F5E71}.Release|x86.ActiveCfg = Release|Any CPU
		{093D497D-3827-4068-BFBC-2A565E7F5E71}.Release|x86.Build.0 = Release|Any CPU
		{093D497D-3827-4068-BFBC-2A565E7F5E71}.Test|Any CPU.ActiveCfg = Release|Any CPU
		{093D497D-3827-4068-BFBC-2A565E7F5E71}.Test|Any CPU.Build.0 = Release|Any CPU
		{093D497D-3827-4068-BFBC-2A565E7F5E71}.Test|x64.ActiveCfg = Release|Any CPU
		{093D497D-3827-4068-BFBC-2A565E7F5E71}.Test|x64.Build.0 = Release|Any CPU
		{093D497D-3827-4068-BFBC-2A565E7F5E71}.Test|x86.ActiveCfg = Release|Any CPU
		{093D497D-3827-4068-BFBC-2A565E7F5E71}.Test|x86.Build.0 = Release|Any CPU
		{A66B66CD-3B46-4DF5-B410-644A9F375858}.Debug|Any CPU.ActiveCfg = Debug|Any CPU
		{A66B66CD-3B46-4DF5-B410-644A9F375858}.Debug|Any CPU.Build.0 = Debug|Any CPU
		{A66B66CD-3B46-4DF5-B410-644A9F375858}.Debug|x64.ActiveCfg = Debug|Any CPU
		{A66B66CD-3B46-4DF5-B410-644A9F375858}.Debug|x64.Build.0 = Debug|Any CPU
		{A66B66CD-3B46-4DF5-B410-644A9F375858}.Debug|x86.ActiveCfg = Debug|Any CPU
		{A66B66CD-3B46-4DF5-B410-644A9F375858}.Debug|x86.Build.0 = Debug|Any CPU
		{A66B66CD-3B46-4DF5-B410-644A9F375858}.Release|Any CPU.ActiveCfg = Release|Any CPU
		{A66B66CD-3B46-4DF5-B410-644A9F375858}.Release|Any CPU.Build.0 = Release|Any CPU
		{A66B66CD-3B46-4DF5-B410-644A9F375858}.Release|x64.ActiveCfg = Release|Any CPU
		{A66B66CD-3B46-4DF5-B410-644A9F375858}.Release|x64.Build.0 = Release|Any CPU
		{A66B66CD-3B46-4DF5-B410-644A9F375858}.Release|x86.ActiveCfg = Release|Any CPU
		{A66B66CD-3B46-4DF5-B410-644A9F375858}.Release|x86.Build.0 = Release|Any CPU
		{A66B66CD-3B46-4DF5-B410-644A9F375858}.Test|Any CPU.ActiveCfg = Release|Any CPU
		{A66B66CD-3B46-4DF5-B410-644A9F375858}.Test|Any CPU.Build.0 = Release|Any CPU
		{A66B66CD-3B46-4DF5-B410-644A9F375858}.Test|x64.ActiveCfg = Release|Any CPU
		{A66B66CD-3B46-4DF5-B410-644A9F375858}.Test|x64.Build.0 = Release|Any CPU
		{A66B66CD-3B46-4DF5-B410-644A9F375858}.Test|x86.ActiveCfg = Release|Any CPU
		{A66B66CD-3B46-4DF5-B410-644A9F375858}.Test|x86.Build.0 = Release|Any CPU
		{612505A3-B3D9-41D3-B195-40B3B3E28235}.Debug|Any CPU.ActiveCfg = Debug|Any CPU
		{612505A3-B3D9-41D3-B195-40B3B3E28235}.Debug|Any CPU.Build.0 = Debug|Any CPU
		{612505A3-B3D9-41D3-B195-40B3B3E28235}.Debug|x64.ActiveCfg = Debug|Any CPU
		{612505A3-B3D9-41D3-B195-40B3B3E28235}.Debug|x64.Build.0 = Debug|Any CPU
		{612505A3-B3D9-41D3-B195-40B3B3E28235}.Debug|x86.ActiveCfg = Debug|Any CPU
		{612505A3-B3D9-41D3-B195-40B3B3E28235}.Debug|x86.Build.0 = Debug|Any CPU
		{612505A3-B3D9-41D3-B195-40B3B3E28235}.Release|Any CPU.ActiveCfg = Release|Any CPU
		{612505A3-B3D9-41D3-B195-40B3B3E28235}.Release|Any CPU.Build.0 = Release|Any CPU
		{612505A3-B3D9-41D3-B195-40B3B3E28235}.Release|x64.ActiveCfg = Release|Any CPU
		{612505A3-B3D9-41D3-B195-40B3B3E28235}.Release|x64.Build.0 = Release|Any CPU
		{612505A3-B3D9-41D3-B195-40B3B3E28235}.Release|x86.ActiveCfg = Release|Any CPU
		{612505A3-B3D9-41D3-B195-40B3B3E28235}.Release|x86.Build.0 = Release|Any CPU
		{612505A3-B3D9-41D3-B195-40B3B3E28235}.Test|Any CPU.ActiveCfg = Release|Any CPU
		{612505A3-B3D9-41D3-B195-40B3B3E28235}.Test|Any CPU.Build.0 = Release|Any CPU
		{612505A3-B3D9-41D3-B195-40B3B3E28235}.Test|x64.ActiveCfg = Release|Any CPU
		{612505A3-B3D9-41D3-B195-40B3B3E28235}.Test|x64.Build.0 = Release|Any CPU
		{612505A3-B3D9-41D3-B195-40B3B3E28235}.Test|x86.ActiveCfg = Release|Any CPU
		{612505A3-B3D9-41D3-B195-40B3B3E28235}.Test|x86.Build.0 = Release|Any CPU
		{55277594-3BBE-42AF-AE1A-0AAEC84D5F68}.Debug|Any CPU.ActiveCfg = Debug|Any CPU
		{55277594-3BBE-42AF-AE1A-0AAEC84D5F68}.Debug|Any CPU.Build.0 = Debug|Any CPU
		{55277594-3BBE-42AF-AE1A-0AAEC84D5F68}.Debug|x64.ActiveCfg = Debug|Any CPU
		{55277594-3BBE-42AF-AE1A-0AAEC84D5F68}.Debug|x64.Build.0 = Debug|Any CPU
		{55277594-3BBE-42AF-AE1A-0AAEC84D5F68}.Debug|x86.ActiveCfg = Debug|Any CPU
		{55277594-3BBE-42AF-AE1A-0AAEC84D5F68}.Debug|x86.Build.0 = Debug|Any CPU
		{55277594-3BBE-42AF-AE1A-0AAEC84D5F68}.Release|Any CPU.ActiveCfg = Release|Any CPU
		{55277594-3BBE-42AF-AE1A-0AAEC84D5F68}.Release|Any CPU.Build.0 = Release|Any CPU
		{55277594-3BBE-42AF-AE1A-0AAEC84D5F68}.Release|x64.ActiveCfg = Release|Any CPU
		{55277594-3BBE-42AF-AE1A-0AAEC84D5F68}.Release|x64.Build.0 = Release|Any CPU
		{55277594-3BBE-42AF-AE1A-0AAEC84D5F68}.Release|x86.ActiveCfg = Release|Any CPU
		{55277594-3BBE-42AF-AE1A-0AAEC84D5F68}.Release|x86.Build.0 = Release|Any CPU
		{55277594-3BBE-42AF-AE1A-0AAEC84D5F68}.Test|Any CPU.ActiveCfg = Release|Any CPU
		{55277594-3BBE-42AF-AE1A-0AAEC84D5F68}.Test|Any CPU.Build.0 = Release|Any CPU
		{55277594-3BBE-42AF-AE1A-0AAEC84D5F68}.Test|x64.ActiveCfg = Release|Any CPU
		{55277594-3BBE-42AF-AE1A-0AAEC84D5F68}.Test|x64.Build.0 = Release|Any CPU
		{55277594-3BBE-42AF-AE1A-0AAEC84D5F68}.Test|x86.ActiveCfg = Release|Any CPU
		{55277594-3BBE-42AF-AE1A-0AAEC84D5F68}.Test|x86.Build.0 = Release|Any CPU
		{783382A3-1B3E-4958-81BF-1337F446B2AE}.Debug|Any CPU.ActiveCfg = Debug|Any CPU
		{783382A3-1B3E-4958-81BF-1337F446B2AE}.Debug|Any CPU.Build.0 = Debug|Any CPU
		{783382A3-1B3E-4958-81BF-1337F446B2AE}.Debug|x64.ActiveCfg = Debug|Any CPU
		{783382A3-1B3E-4958-81BF-1337F446B2AE}.Debug|x64.Build.0 = Debug|Any CPU
		{783382A3-1B3E-4958-81BF-1337F446B2AE}.Debug|x86.ActiveCfg = Debug|Any CPU
		{783382A3-1B3E-4958-81BF-1337F446B2AE}.Debug|x86.Build.0 = Debug|Any CPU
		{783382A3-1B3E-4958-81BF-1337F446B2AE}.Release|Any CPU.ActiveCfg = Release|Any CPU
		{783382A3-1B3E-4958-81BF-1337F446B2AE}.Release|Any CPU.Build.0 = Release|Any CPU
		{783382A3-1B3E-4958-81BF-1337F446B2AE}.Release|x64.ActiveCfg = Release|Any CPU
		{783382A3-1B3E-4958-81BF-1337F446B2AE}.Release|x64.Build.0 = Release|Any CPU
		{783382A3-1B3E-4958-81BF-1337F446B2AE}.Release|x86.ActiveCfg = Release|Any CPU
		{783382A3-1B3E-4958-81BF-1337F446B2AE}.Release|x86.Build.0 = Release|Any CPU
		{783382A3-1B3E-4958-81BF-1337F446B2AE}.Test|Any CPU.ActiveCfg = Release|Any CPU
		{783382A3-1B3E-4958-81BF-1337F446B2AE}.Test|Any CPU.Build.0 = Release|Any CPU
		{783382A3-1B3E-4958-81BF-1337F446B2AE}.Test|x64.ActiveCfg = Release|Any CPU
		{783382A3-1B3E-4958-81BF-1337F446B2AE}.Test|x64.Build.0 = Release|Any CPU
		{783382A3-1B3E-4958-81BF-1337F446B2AE}.Test|x86.ActiveCfg = Release|Any CPU
		{783382A3-1B3E-4958-81BF-1337F446B2AE}.Test|x86.Build.0 = Release|Any CPU
		{DC4F78EE-7D60-4D0C-8F61-55911F64396C}.Debug|Any CPU.ActiveCfg = Debug|Any CPU
		{DC4F78EE-7D60-4D0C-8F61-55911F64396C}.Debug|Any CPU.Build.0 = Debug|Any CPU
		{DC4F78EE-7D60-4D0C-8F61-55911F64396C}.Debug|x64.ActiveCfg = Debug|Any CPU
		{DC4F78EE-7D60-4D0C-8F61-55911F64396C}.Debug|x64.Build.0 = Debug|Any CPU
		{DC4F78EE-7D60-4D0C-8F61-55911F64396C}.Debug|x86.ActiveCfg = Debug|Any CPU
		{DC4F78EE-7D60-4D0C-8F61-55911F64396C}.Debug|x86.Build.0 = Debug|Any CPU
		{DC4F78EE-7D60-4D0C-8F61-55911F64396C}.Release|Any CPU.ActiveCfg = Release|Any CPU
		{DC4F78EE-7D60-4D0C-8F61-55911F64396C}.Release|Any CPU.Build.0 = Release|Any CPU
		{DC4F78EE-7D60-4D0C-8F61-55911F64396C}.Release|x64.ActiveCfg = Release|Any CPU
		{DC4F78EE-7D60-4D0C-8F61-55911F64396C}.Release|x64.Build.0 = Release|Any CPU
		{DC4F78EE-7D60-4D0C-8F61-55911F64396C}.Release|x86.ActiveCfg = Release|Any CPU
		{DC4F78EE-7D60-4D0C-8F61-55911F64396C}.Release|x86.Build.0 = Release|Any CPU
		{DC4F78EE-7D60-4D0C-8F61-55911F64396C}.Test|Any CPU.ActiveCfg = Debug|Any CPU
		{DC4F78EE-7D60-4D0C-8F61-55911F64396C}.Test|Any CPU.Build.0 = Debug|Any CPU
		{DC4F78EE-7D60-4D0C-8F61-55911F64396C}.Test|x64.ActiveCfg = Debug|Any CPU
		{DC4F78EE-7D60-4D0C-8F61-55911F64396C}.Test|x64.Build.0 = Debug|Any CPU
		{DC4F78EE-7D60-4D0C-8F61-55911F64396C}.Test|x86.ActiveCfg = Debug|Any CPU
		{DC4F78EE-7D60-4D0C-8F61-55911F64396C}.Test|x86.Build.0 = Debug|Any CPU
		{9F0D5520-91AE-4B28-9F1B-9C55EDF8B947}.Debug|Any CPU.ActiveCfg = Debug|Any CPU
		{9F0D5520-91AE-4B28-9F1B-9C55EDF8B947}.Debug|Any CPU.Build.0 = Debug|Any CPU
		{9F0D5520-91AE-4B28-9F1B-9C55EDF8B947}.Debug|x64.ActiveCfg = Debug|Any CPU
		{9F0D5520-91AE-4B28-9F1B-9C55EDF8B947}.Debug|x64.Build.0 = Debug|Any CPU
		{9F0D5520-91AE-4B28-9F1B-9C55EDF8B947}.Debug|x86.ActiveCfg = Debug|Any CPU
		{9F0D5520-91AE-4B28-9F1B-9C55EDF8B947}.Debug|x86.Build.0 = Debug|Any CPU
		{9F0D5520-91AE-4B28-9F1B-9C55EDF8B947}.Release|Any CPU.ActiveCfg = Release|Any CPU
		{9F0D5520-91AE-4B28-9F1B-9C55EDF8B947}.Release|Any CPU.Build.0 = Release|Any CPU
		{9F0D5520-91AE-4B28-9F1B-9C55EDF8B947}.Release|x64.ActiveCfg = Release|Any CPU
		{9F0D5520-91AE-4B28-9F1B-9C55EDF8B947}.Release|x64.Build.0 = Release|Any CPU
		{9F0D5520-91AE-4B28-9F1B-9C55EDF8B947}.Release|x86.ActiveCfg = Release|Any CPU
		{9F0D5520-91AE-4B28-9F1B-9C55EDF8B947}.Release|x86.Build.0 = Release|Any CPU
		{9F0D5520-91AE-4B28-9F1B-9C55EDF8B947}.Test|Any CPU.ActiveCfg = Test|Any CPU
		{9F0D5520-91AE-4B28-9F1B-9C55EDF8B947}.Test|Any CPU.Build.0 = Test|Any CPU
		{9F0D5520-91AE-4B28-9F1B-9C55EDF8B947}.Test|x64.ActiveCfg = Test|Any CPU
		{9F0D5520-91AE-4B28-9F1B-9C55EDF8B947}.Test|x64.Build.0 = Test|Any CPU
		{9F0D5520-91AE-4B28-9F1B-9C55EDF8B947}.Test|x86.ActiveCfg = Test|Any CPU
		{9F0D5520-91AE-4B28-9F1B-9C55EDF8B947}.Test|x86.Build.0 = Test|Any CPU
		{112EFF87-81E2-483B-8561-AE24EFA504CF}.Debug|Any CPU.ActiveCfg = Debug|Any CPU
		{112EFF87-81E2-483B-8561-AE24EFA504CF}.Debug|Any CPU.Build.0 = Debug|Any CPU
		{112EFF87-81E2-483B-8561-AE24EFA504CF}.Debug|x64.ActiveCfg = Debug|Any CPU
		{112EFF87-81E2-483B-8561-AE24EFA504CF}.Debug|x64.Build.0 = Debug|Any CPU
		{112EFF87-81E2-483B-8561-AE24EFA504CF}.Debug|x86.ActiveCfg = Debug|Any CPU
		{112EFF87-81E2-483B-8561-AE24EFA504CF}.Debug|x86.Build.0 = Debug|Any CPU
		{112EFF87-81E2-483B-8561-AE24EFA504CF}.Release|Any CPU.ActiveCfg = Release|Any CPU
		{112EFF87-81E2-483B-8561-AE24EFA504CF}.Release|Any CPU.Build.0 = Release|Any CPU
		{112EFF87-81E2-483B-8561-AE24EFA504CF}.Release|x64.ActiveCfg = Release|Any CPU
		{112EFF87-81E2-483B-8561-AE24EFA504CF}.Release|x64.Build.0 = Release|Any CPU
		{112EFF87-81E2-483B-8561-AE24EFA504CF}.Release|x86.ActiveCfg = Release|Any CPU
		{112EFF87-81E2-483B-8561-AE24EFA504CF}.Release|x86.Build.0 = Release|Any CPU
		{112EFF87-81E2-483B-8561-AE24EFA504CF}.Test|Any CPU.ActiveCfg = Debug|Any CPU
		{112EFF87-81E2-483B-8561-AE24EFA504CF}.Test|Any CPU.Build.0 = Debug|Any CPU
		{112EFF87-81E2-483B-8561-AE24EFA504CF}.Test|x64.ActiveCfg = Debug|Any CPU
		{112EFF87-81E2-483B-8561-AE24EFA504CF}.Test|x64.Build.0 = Debug|Any CPU
		{112EFF87-81E2-483B-8561-AE24EFA504CF}.Test|x86.ActiveCfg = Debug|Any CPU
		{112EFF87-81E2-483B-8561-AE24EFA504CF}.Test|x86.Build.0 = Debug|Any CPU
		{6C9414F4-BC16-48E3-90BE-77E557CD4550}.Debug|Any CPU.ActiveCfg = Debug|Any CPU
		{6C9414F4-BC16-48E3-90BE-77E557CD4550}.Debug|Any CPU.Build.0 = Debug|Any CPU
		{6C9414F4-BC16-48E3-90BE-77E557CD4550}.Debug|x64.ActiveCfg = Debug|Any CPU
		{6C9414F4-BC16-48E3-90BE-77E557CD4550}.Debug|x64.Build.0 = Debug|Any CPU
		{6C9414F4-BC16-48E3-90BE-77E557CD4550}.Debug|x86.ActiveCfg = Debug|Any CPU
		{6C9414F4-BC16-48E3-90BE-77E557CD4550}.Debug|x86.Build.0 = Debug|Any CPU
		{6C9414F4-BC16-48E3-90BE-77E557CD4550}.Release|Any CPU.ActiveCfg = Release|Any CPU
		{6C9414F4-BC16-48E3-90BE-77E557CD4550}.Release|Any CPU.Build.0 = Release|Any CPU
		{6C9414F4-BC16-48E3-90BE-77E557CD4550}.Release|x64.ActiveCfg = Release|Any CPU
		{6C9414F4-BC16-48E3-90BE-77E557CD4550}.Release|x64.Build.0 = Release|Any CPU
		{6C9414F4-BC16-48E3-90BE-77E557CD4550}.Release|x86.ActiveCfg = Release|Any CPU
		{6C9414F4-BC16-48E3-90BE-77E557CD4550}.Release|x86.Build.0 = Release|Any CPU
		{6C9414F4-BC16-48E3-90BE-77E557CD4550}.Test|Any CPU.ActiveCfg = Debug|Any CPU
		{6C9414F4-BC16-48E3-90BE-77E557CD4550}.Test|Any CPU.Build.0 = Debug|Any CPU
		{6C9414F4-BC16-48E3-90BE-77E557CD4550}.Test|x64.ActiveCfg = Debug|Any CPU
		{6C9414F4-BC16-48E3-90BE-77E557CD4550}.Test|x64.Build.0 = Debug|Any CPU
		{6C9414F4-BC16-48E3-90BE-77E557CD4550}.Test|x86.ActiveCfg = Debug|Any CPU
		{6C9414F4-BC16-48E3-90BE-77E557CD4550}.Test|x86.Build.0 = Debug|Any CPU
		{D6C34732-DD23-4513-A0CB-67540E222851}.Debug|Any CPU.ActiveCfg = Debug|Any CPU
		{D6C34732-DD23-4513-A0CB-67540E222851}.Debug|Any CPU.Build.0 = Debug|Any CPU
		{D6C34732-DD23-4513-A0CB-67540E222851}.Debug|x64.ActiveCfg = Debug|Any CPU
		{D6C34732-DD23-4513-A0CB-67540E222851}.Debug|x64.Build.0 = Debug|Any CPU
		{D6C34732-DD23-4513-A0CB-67540E222851}.Debug|x86.ActiveCfg = Debug|Any CPU
		{D6C34732-DD23-4513-A0CB-67540E222851}.Debug|x86.Build.0 = Debug|Any CPU
		{D6C34732-DD23-4513-A0CB-67540E222851}.Release|Any CPU.ActiveCfg = Release|Any CPU
		{D6C34732-DD23-4513-A0CB-67540E222851}.Release|Any CPU.Build.0 = Release|Any CPU
		{D6C34732-DD23-4513-A0CB-67540E222851}.Release|x64.ActiveCfg = Release|Any CPU
		{D6C34732-DD23-4513-A0CB-67540E222851}.Release|x64.Build.0 = Release|Any CPU
		{D6C34732-DD23-4513-A0CB-67540E222851}.Release|x86.ActiveCfg = Release|Any CPU
		{D6C34732-DD23-4513-A0CB-67540E222851}.Release|x86.Build.0 = Release|Any CPU
		{D6C34732-DD23-4513-A0CB-67540E222851}.Test|Any CPU.ActiveCfg = Debug|Any CPU
		{D6C34732-DD23-4513-A0CB-67540E222851}.Test|Any CPU.Build.0 = Debug|Any CPU
		{D6C34732-DD23-4513-A0CB-67540E222851}.Test|x64.ActiveCfg = Debug|Any CPU
		{D6C34732-DD23-4513-A0CB-67540E222851}.Test|x64.Build.0 = Debug|Any CPU
		{D6C34732-DD23-4513-A0CB-67540E222851}.Test|x86.ActiveCfg = Debug|Any CPU
		{D6C34732-DD23-4513-A0CB-67540E222851}.Test|x86.Build.0 = Debug|Any CPU
	EndGlobalSection
	GlobalSection(SolutionProperties) = preSolution
		HideSolutionNode = FALSE
	EndGlobalSection
	GlobalSection(NestedProjects) = preSolution
		{783382A3-1B3E-4958-81BF-1337F446B2AE} = {641240EA-E07A-4A09-A9AA-E4D04B73764E}
		{DC4F78EE-7D60-4D0C-8F61-55911F64396C} = {641240EA-E07A-4A09-A9AA-E4D04B73764E}
		{9F0D5520-91AE-4B28-9F1B-9C55EDF8B947} = {641240EA-E07A-4A09-A9AA-E4D04B73764E}
		{112EFF87-81E2-483B-8561-AE24EFA504CF} = {641240EA-E07A-4A09-A9AA-E4D04B73764E}
		{6C9414F4-BC16-48E3-90BE-77E557CD4550} = {641240EA-E07A-4A09-A9AA-E4D04B73764E}
		{D6C34732-DD23-4513-A0CB-67540E222851} = {641240EA-E07A-4A09-A9AA-E4D04B73764E}
	EndGlobalSection
	GlobalSection(ExtensibilityGlobals) = postSolution
		SolutionGuid = {04B5E71B-78CE-4172-93A5-DAE3DD877CD8}
	EndGlobalSection
EndGlobal
